// !$*UTF8*$!
{
	archiveVersion = 1;
	classes = {
	};
	objectVersion = 46;
	objects = {

/* Begin PBXBuildFile section */
		8FBA88201DFD26BE00A2FC61 /* AppDelegate.swift in Sources */ = {isa = PBXBuildFile; fileRef = 8FBA881F1DFD26BE00A2FC61 /* AppDelegate.swift */; };
		8FBA88221DFD26BE00A2FC61 /* TopViewController.swift in Sources */ = {isa = PBXBuildFile; fileRef = 8FBA88211DFD26BE00A2FC61 /* TopViewController.swift */; };
		8FBA88251DFD26BE00A2FC61 /* Main.storyboard in Resources */ = {isa = PBXBuildFile; fileRef = 8FBA88231DFD26BE00A2FC61 /* Main.storyboard */; };
		8FBA88271DFD26BE00A2FC61 /* Assets.xcassets in Resources */ = {isa = PBXBuildFile; fileRef = 8FBA88261DFD26BE00A2FC61 /* Assets.xcassets */; };
		8FBA882A1DFD26BE00A2FC61 /* LaunchScreen.storyboard in Resources */ = {isa = PBXBuildFile; fileRef = 8FBA88281DFD26BE00A2FC61 /* LaunchScreen.storyboard */; };
		8FBA88351DFD26BE00A2FC61 /* share_alarmTests.swift in Sources */ = {isa = PBXBuildFile; fileRef = 8FBA88341DFD26BE00A2FC61 /* share_alarmTests.swift */; };
		8FBA88401DFD26BF00A2FC61 /* share_alarmUITests.swift in Sources */ = {isa = PBXBuildFile; fileRef = 8FBA883F1DFD26BF00A2FC61 /* share_alarmUITests.swift */; };
		8FBA884E1DFD2C3500A2FC61 /* AlarmCreateViewController.swift in Sources */ = {isa = PBXBuildFile; fileRef = 8FBA884D1DFD2C3500A2FC61 /* AlarmCreateViewController.swift */; };
		8FBA88521DFD2F7A00A2FC61 /* Alarm.swift in Sources */ = {isa = PBXBuildFile; fileRef = 8FBA88511DFD2F7A00A2FC61 /* Alarm.swift */; };
/* End PBXBuildFile section */

/* Begin PBXContainerItemProxy section */
		8FBA88311DFD26BE00A2FC61 /* PBXContainerItemProxy */ = {
			isa = PBXContainerItemProxy;
			containerPortal = 8FBA88141DFD26BE00A2FC61 /* Project object */;
			proxyType = 1;
			remoteGlobalIDString = 8FBA881B1DFD26BE00A2FC61;
			remoteInfo = share_alarm;
		};
		8FBA883C1DFD26BF00A2FC61 /* PBXContainerItemProxy */ = {
			isa = PBXContainerItemProxy;
			containerPortal = 8FBA88141DFD26BE00A2FC61 /* Project object */;
			proxyType = 1;
			remoteGlobalIDString = 8FBA881B1DFD26BE00A2FC61;
			remoteInfo = share_alarm;
		};
/* End PBXContainerItemProxy section */

/* Begin PBXFileReference section */
		8FBA881C1DFD26BE00A2FC61 /* share_alarm.app */ = {isa = PBXFileReference; explicitFileType = wrapper.application; includeInIndex = 0; path = share_alarm.app; sourceTree = BUILT_PRODUCTS_DIR; };
		8FBA881F1DFD26BE00A2FC61 /* AppDelegate.swift */ = {isa = PBXFileReference; lastKnownFileType = sourcecode.swift; path = AppDelegate.swift; sourceTree = "<group>"; };
		8FBA88211DFD26BE00A2FC61 /* TopViewController.swift */ = {isa = PBXFileReference; lastKnownFileType = sourcecode.swift; path = TopViewController.swift; sourceTree = "<group>"; };
		8FBA88241DFD26BE00A2FC61 /* Base */ = {isa = PBXFileReference; lastKnownFileType = file.storyboard; name = Base; path = Base.lproj/Main.storyboard; sourceTree = "<group>"; };
		8FBA88261DFD26BE00A2FC61 /* Assets.xcassets */ = {isa = PBXFileReference; lastKnownFileType = folder.assetcatalog; path = Assets.xcassets; sourceTree = "<group>"; };
		8FBA88291DFD26BE00A2FC61 /* Base */ = {isa = PBXFileReference; lastKnownFileType = file.storyboard; name = Base; path = Base.lproj/LaunchScreen.storyboard; sourceTree = "<group>"; };
		8FBA882B1DFD26BE00A2FC61 /* Info.plist */ = {isa = PBXFileReference; lastKnownFileType = text.plist.xml; path = Info.plist; sourceTree = "<group>"; };
		8FBA88301DFD26BE00A2FC61 /* share_alarmTests.xctest */ = {isa = PBXFileReference; explicitFileType = wrapper.cfbundle; includeInIndex = 0; path = share_alarmTests.xctest; sourceTree = BUILT_PRODUCTS_DIR; };
		8FBA88341DFD26BE00A2FC61 /* share_alarmTests.swift */ = {isa = PBXFileReference; lastKnownFileType = sourcecode.swift; path = share_alarmTests.swift; sourceTree = "<group>"; };
		8FBA88361DFD26BE00A2FC61 /* Info.plist */ = {isa = PBXFileReference; lastKnownFileType = text.plist.xml; path = Info.plist; sourceTree = "<group>"; };
		8FBA883B1DFD26BF00A2FC61 /* share_alarmUITests.xctest */ = {isa = PBXFileReference; explicitFileType = wrapper.cfbundle; includeInIndex = 0; path = share_alarmUITests.xctest; sourceTree = BUILT_PRODUCTS_DIR; };
		8FBA883F1DFD26BF00A2FC61 /* share_alarmUITests.swift */ = {isa = PBXFileReference; lastKnownFileType = sourcecode.swift; path = share_alarmUITests.swift; sourceTree = "<group>"; };
		8FBA88411DFD26BF00A2FC61 /* Info.plist */ = {isa = PBXFileReference; lastKnownFileType = text.plist.xml; path = Info.plist; sourceTree = "<group>"; };
		8FBA884D1DFD2C3500A2FC61 /* AlarmCreateViewController.swift */ = {isa = PBXFileReference; fileEncoding = 4; lastKnownFileType = sourcecode.swift; path = AlarmCreateViewController.swift; sourceTree = "<group>"; };
		8FBA88511DFD2F7A00A2FC61 /* Alarm.swift */ = {isa = PBXFileReference; fileEncoding = 4; lastKnownFileType = sourcecode.swift; path = Alarm.swift; sourceTree = "<group>"; };
/* End PBXFileReference section */

/* Begin PBXFrameworksBuildPhase section */
		8FBA88191DFD26BE00A2FC61 /* Frameworks */ = {
			isa = PBXFrameworksBuildPhase;
			buildActionMask = 2147483647;
			files = (
			);
			runOnlyForDeploymentPostprocessing = 0;
		};
		8FBA882D1DFD26BE00A2FC61 /* Frameworks */ = {
			isa = PBXFrameworksBuildPhase;
			buildActionMask = 2147483647;
			files = (
			);
			runOnlyForDeploymentPostprocessing = 0;
		};
		8FBA88381DFD26BF00A2FC61 /* Frameworks */ = {
			isa = PBXFrameworksBuildPhase;
			buildActionMask = 2147483647;
			files = (
			);
			runOnlyForDeploymentPostprocessing = 0;
		};
/* End PBXFrameworksBuildPhase section */

/* Begin PBXGroup section */
		8FBA88131DFD26BE00A2FC61 = {
			isa = PBXGroup;
			children = (
				8FBA881E1DFD26BE00A2FC61 /* share_alarm */,
				8FBA88331DFD26BE00A2FC61 /* share_alarmTests */,
				8FBA883E1DFD26BF00A2FC61 /* share_alarmUITests */,
				8FBA881D1DFD26BE00A2FC61 /* Products */,
			);
			sourceTree = "<group>";
		};
		8FBA881D1DFD26BE00A2FC61 /* Products */ = {
			isa = PBXGroup;
			children = (
				8FBA881C1DFD26BE00A2FC61 /* share_alarm.app */,
				8FBA88301DFD26BE00A2FC61 /* share_alarmTests.xctest */,
				8FBA883B1DFD26BF00A2FC61 /* share_alarmUITests.xctest */,
			);
			name = Products;
			sourceTree = "<group>";
		};
		8FBA881E1DFD26BE00A2FC61 /* share_alarm */ = {
			isa = PBXGroup;
			children = (
				8FBA88501DFD2F4400A2FC61 /* Model */,
				8FBA881F1DFD26BE00A2FC61 /* AppDelegate.swift */,
				8FBA88211DFD26BE00A2FC61 /* TopViewController.swift */,
				8FBA88231DFD26BE00A2FC61 /* Main.storyboard */,
				8FBA884D1DFD2C3500A2FC61 /* AlarmCreateViewController.swift */,
				8FBA88261DFD26BE00A2FC61 /* Assets.xcassets */,
				8FBA88281DFD26BE00A2FC61 /* LaunchScreen.storyboard */,
				8FBA882B1DFD26BE00A2FC61 /* Info.plist */,
			);
			path = share_alarm;
			sourceTree = "<group>";
		};
		8FBA88331DFD26BE00A2FC61 /* share_alarmTests */ = {
			isa = PBXGroup;
			children = (
				8FBA88341DFD26BE00A2FC61 /* share_alarmTests.swift */,
				8FBA88361DFD26BE00A2FC61 /* Info.plist */,
			);
			path = share_alarmTests;
			sourceTree = "<group>";
		};
		8FBA883E1DFD26BF00A2FC61 /* share_alarmUITests */ = {
			isa = PBXGroup;
			children = (
				8FBA883F1DFD26BF00A2FC61 /* share_alarmUITests.swift */,
				8FBA88411DFD26BF00A2FC61 /* Info.plist */,
			);
			path = share_alarmUITests;
			sourceTree = "<group>";
		};
		8FBA88501DFD2F4400A2FC61 /* Model */ = {
			isa = PBXGroup;
			children = (
				8FBA88511DFD2F7A00A2FC61 /* Alarm.swift */,
			);
			name = Model;
			sourceTree = "<group>";
		};
/* End PBXGroup section */

/* Begin PBXNativeTarget section */
		8FBA881B1DFD26BE00A2FC61 /* share_alarm */ = {
			isa = PBXNativeTarget;
			buildConfigurationList = 8FBA88441DFD26BF00A2FC61 /* Build configuration list for PBXNativeTarget "share_alarm" */;
			buildPhases = (
				8FBA88181DFD26BE00A2FC61 /* Sources */,
				8FBA88191DFD26BE00A2FC61 /* Frameworks */,
				8FBA881A1DFD26BE00A2FC61 /* Resources */,
			);
			buildRules = (
			);
			dependencies = (
			);
			name = share_alarm;
			productName = share_alarm;
			productReference = 8FBA881C1DFD26BE00A2FC61 /* share_alarm.app */;
			productType = "com.apple.product-type.application";
		};
		8FBA882F1DFD26BE00A2FC61 /* share_alarmTests */ = {
			isa = PBXNativeTarget;
			buildConfigurationList = 8FBA88471DFD26BF00A2FC61 /* Build configuration list for PBXNativeTarget "share_alarmTests" */;
			buildPhases = (
				8FBA882C1DFD26BE00A2FC61 /* Sources */,
				8FBA882D1DFD26BE00A2FC61 /* Frameworks */,
				8FBA882E1DFD26BE00A2FC61 /* Resources */,
			);
			buildRules = (
			);
			dependencies = (
				8FBA88321DFD26BE00A2FC61 /* PBXTargetDependency */,
			);
			name = share_alarmTests;
			productName = share_alarmTests;
			productReference = 8FBA88301DFD26BE00A2FC61 /* share_alarmTests.xctest */;
			productType = "com.apple.product-type.bundle.unit-test";
		};
		8FBA883A1DFD26BF00A2FC61 /* share_alarmUITests */ = {
			isa = PBXNativeTarget;
			buildConfigurationList = 8FBA884A1DFD26BF00A2FC61 /* Build configuration list for PBXNativeTarget "share_alarmUITests" */;
			buildPhases = (
				8FBA88371DFD26BF00A2FC61 /* Sources */,
				8FBA88381DFD26BF00A2FC61 /* Frameworks */,
				8FBA88391DFD26BF00A2FC61 /* Resources */,
			);
			buildRules = (
			);
			dependencies = (
				8FBA883D1DFD26BF00A2FC61 /* PBXTargetDependency */,
			);
			name = share_alarmUITests;
			productName = share_alarmUITests;
			productReference = 8FBA883B1DFD26BF00A2FC61 /* share_alarmUITests.xctest */;
			productType = "com.apple.product-type.bundle.ui-testing";
		};
/* End PBXNativeTarget section */

/* Begin PBXProject section */
		8FBA88141DFD26BE00A2FC61 /* Project object */ = {
			isa = PBXProject;
			attributes = {
				LastSwiftUpdateCheck = 0810;
				LastUpgradeCheck = 0810;
				ORGANIZATIONNAME = "Mizuki Shimato";
				TargetAttributes = {
					8FBA881B1DFD26BE00A2FC61 = {
						CreatedOnToolsVersion = 8.1;
						ProvisioningStyle = Automatic;
					};
					8FBA882F1DFD26BE00A2FC61 = {
						CreatedOnToolsVersion = 8.1;
						ProvisioningStyle = Automatic;
						TestTargetID = 8FBA881B1DFD26BE00A2FC61;
					};
					8FBA883A1DFD26BF00A2FC61 = {
						CreatedOnToolsVersion = 8.1;
						ProvisioningStyle = Automatic;
						TestTargetID = 8FBA881B1DFD26BE00A2FC61;
					};
				};
			};
			buildConfigurationList = 8FBA88171DFD26BE00A2FC61 /* Build configuration list for PBXProject "share_alarm" */;
			compatibilityVersion = "Xcode 3.2";
			developmentRegion = English;
			hasScannedForEncodings = 0;
			knownRegions = (
				en,
				Base,
			);
			mainGroup = 8FBA88131DFD26BE00A2FC61;
			productRefGroup = 8FBA881D1DFD26BE00A2FC61 /* Products */;
			projectDirPath = "";
			projectRoot = "";
			targets = (
				8FBA881B1DFD26BE00A2FC61 /* share_alarm */,
				8FBA882F1DFD26BE00A2FC61 /* share_alarmTests */,
				8FBA883A1DFD26BF00A2FC61 /* share_alarmUITests */,
			);
		};
/* End PBXProject section */

/* Begin PBXResourcesBuildPhase section */
		8FBA881A1DFD26BE00A2FC61 /* Resources */ = {
			isa = PBXResourcesBuildPhase;
			buildActionMask = 2147483647;
			files = (
				8FBA882A1DFD26BE00A2FC61 /* LaunchScreen.storyboard in Resources */,
				8FBA88271DFD26BE00A2FC61 /* Assets.xcassets in Resources */,
				8FBA88251DFD26BE00A2FC61 /* Main.storyboard in Resources */,
			);
			runOnlyForDeploymentPostprocessing = 0;
		};
		8FBA882E1DFD26BE00A2FC61 /* Resources */ = {
			isa = PBXResourcesBuildPhase;
			buildActionMask = 2147483647;
			files = (
			);
			runOnlyForDeploymentPostprocessing = 0;
		};
		8FBA88391DFD26BF00A2FC61 /* Resources */ = {
			isa = PBXResourcesBuildPhase;
			buildActionMask = 2147483647;
			files = (
			);
			runOnlyForDeploymentPostprocessing = 0;
		};
/* End PBXResourcesBuildPhase section */

/* Begin PBXSourcesBuildPhase section */
		8FBA88181DFD26BE00A2FC61 /* Sources */ = {
			isa = PBXSourcesBuildPhase;
			buildActionMask = 2147483647;
			files = (
				8FBA88221DFD26BE00A2FC61 /* TopViewController.swift in Sources */,
				8FBA884E1DFD2C3500A2FC61 /* AlarmCreateViewController.swift in Sources */,
				8FBA88201DFD26BE00A2FC61 /* AppDelegate.swift in Sources */,
				8FBA88521DFD2F7A00A2FC61 /* Alarm.swift in Sources */,
			);
			runOnlyForDeploymentPostprocessing = 0;
		};
		8FBA882C1DFD26BE00A2FC61 /* Sources */ = {
			isa = PBXSourcesBuildPhase;
			buildActionMask = 2147483647;
			files = (
				8FBA88351DFD26BE00A2FC61 /* share_alarmTests.swift in Sources */,
			);
			runOnlyForDeploymentPostprocessing = 0;
		};
		8FBA88371DFD26BF00A2FC61 /* Sources */ = {
			isa = PBXSourcesBuildPhase;
			buildActionMask = 2147483647;
			files = (
				8FBA88401DFD26BF00A2FC61 /* share_alarmUITests.swift in Sources */,
			);
			runOnlyForDeploymentPostprocessing = 0;
		};
/* End PBXSourcesBuildPhase section */

/* Begin PBXTargetDependency section */
		8FBA88321DFD26BE00A2FC61 /* PBXTargetDependency */ = {
			isa = PBXTargetDependency;
			target = 8FBA881B1DFD26BE00A2FC61 /* share_alarm */;
			targetProxy = 8FBA88311DFD26BE00A2FC61 /* PBXContainerItemProxy */;
		};
		8FBA883D1DFD26BF00A2FC61 /* PBXTargetDependency */ = {
			isa = PBXTargetDependency;
			target = 8FBA881B1DFD26BE00A2FC61 /* share_alarm */;
			targetProxy = 8FBA883C1DFD26BF00A2FC61 /* PBXContainerItemProxy */;
		};
/* End PBXTargetDependency section */

/* Begin PBXVariantGroup section */
		8FBA88231DFD26BE00A2FC61 /* Main.storyboard */ = {
			isa = PBXVariantGroup;
			children = (
				8FBA88241DFD26BE00A2FC61 /* Base */,
			);
			name = Main.storyboard;
			sourceTree = "<group>";
		};
		8FBA88281DFD26BE00A2FC61 /* LaunchScreen.storyboard */ = {
			isa = PBXVariantGroup;
			children = (
				8FBA88291DFD26BE00A2FC61 /* Base */,
			);
			name = LaunchScreen.storyboard;
			sourceTree = "<group>";
		};
/* End PBXVariantGroup section */

/* Begin XCBuildConfiguration section */
		8FBA88421DFD26BF00A2FC61 /* Debug */ = {
			isa = XCBuildConfiguration;
			buildSettings = {
				ALWAYS_SEARCH_USER_PATHS = NO;
				CLANG_ANALYZER_NONNULL = YES;
				CLANG_CXX_LANGUAGE_STANDARD = "gnu++0x";
				CLANG_CXX_LIBRARY = "libc++";
				CLANG_ENABLE_MODULES = YES;
				CLANG_ENABLE_OBJC_ARC = YES;
				CLANG_WARN_BOOL_CONVERSION = YES;
				CLANG_WARN_CONSTANT_CONVERSION = YES;
				CLANG_WARN_DIRECT_OBJC_ISA_USAGE = YES_ERROR;
				CLANG_WARN_DOCUMENTATION_COMMENTS = YES;
				CLANG_WARN_EMPTY_BODY = YES;
				CLANG_WARN_ENUM_CONVERSION = YES;
				CLANG_WARN_INFINITE_RECURSION = YES;
				CLANG_WARN_INT_CONVERSION = YES;
				CLANG_WARN_OBJC_ROOT_CLASS = YES_ERROR;
				CLANG_WARN_SUSPICIOUS_MOVES = YES;
				CLANG_WARN_UNREACHABLE_CODE = YES;
				CLANG_WARN__DUPLICATE_METHOD_MATCH = YES;
				"CODE_SIGN_IDENTITY[sdk=iphoneos*]" = "iPhone Developer";
				COPY_PHASE_STRIP = NO;
				DEBUG_INFORMATION_FORMAT = dwarf;
				ENABLE_STRICT_OBJC_MSGSEND = YES;
				ENABLE_TESTABILITY = YES;
				GCC_C_LANGUAGE_STANDARD = gnu99;
				GCC_DYNAMIC_NO_PIC = NO;
				GCC_NO_COMMON_BLOCKS = YES;
				GCC_OPTIMIZATION_LEVEL = 0;
				GCC_PREPROCESSOR_DEFINITIONS = (
					"DEBUG=1",
					"$(inherited)",
				);
				GCC_WARN_64_TO_32_BIT_CONVERSION = YES;
				GCC_WARN_ABOUT_RETURN_TYPE = YES_ERROR;
				GCC_WARN_UNDECLARED_SELECTOR = YES;
				GCC_WARN_UNINITIALIZED_AUTOS = YES_AGGRESSIVE;
				GCC_WARN_UNUSED_FUNCTION = YES;
				GCC_WARN_UNUSED_VARIABLE = YES;
				IPHONEOS_DEPLOYMENT_TARGET = 10.1;
				MTL_ENABLE_DEBUG_INFO = YES;
				ONLY_ACTIVE_ARCH = YES;
				SDKROOT = iphoneos;
				SWIFT_ACTIVE_COMPILATION_CONDITIONS = DEBUG;
				SWIFT_OPTIMIZATION_LEVEL = "-Onone";
				TARGETED_DEVICE_FAMILY = "1,2";
			};
			name = Debug;
		};
		8FBA88431DFD26BF00A2FC61 /* Release */ = {
			isa = XCBuildConfiguration;
			buildSettings = {
				ALWAYS_SEARCH_USER_PATHS = NO;
				CLANG_ANALYZER_NONNULL = YES;
				CLANG_CXX_LANGUAGE_STANDARD = "gnu++0x";
				CLANG_CXX_LIBRARY = "libc++";
				CLANG_ENABLE_MODULES = YES;
				CLANG_ENABLE_OBJC_ARC = YES;
				CLANG_WARN_BOOL_CONVERSION = YES;
				CLANG_WARN_CONSTANT_CONVERSION = YES;
				CLANG_WARN_DIRECT_OBJC_ISA_USAGE = YES_ERROR;
				CLANG_WARN_DOCUMENTATION_COMMENTS = YES;
				CLANG_WARN_EMPTY_BODY = YES;
				CLANG_WARN_ENUM_CONVERSION = YES;
				CLANG_WARN_INFINITE_RECURSION = YES;
				CLANG_WARN_INT_CONVERSION = YES;
				CLANG_WARN_OBJC_ROOT_CLASS = YES_ERROR;
				CLANG_WARN_SUSPICIOUS_MOVES = YES;
				CLANG_WARN_UNREACHABLE_CODE = YES;
				CLANG_WARN__DUPLICATE_METHOD_MATCH = YES;
				"CODE_SIGN_IDENTITY[sdk=iphoneos*]" = "iPhone Developer";
				COPY_PHASE_STRIP = NO;
				DEBUG_INFORMATION_FORMAT = "dwarf-with-dsym";
				ENABLE_NS_ASSERTIONS = NO;
				ENABLE_STRICT_OBJC_MSGSEND = YES;
				GCC_C_LANGUAGE_STANDARD = gnu99;
				GCC_NO_COMMON_BLOCKS = YES;
				GCC_WARN_64_TO_32_BIT_CONVERSION = YES;
				GCC_WARN_ABOUT_RETURN_TYPE = YES_ERROR;
				GCC_WARN_UNDECLARED_SELECTOR = YES;
				GCC_WARN_UNINITIALIZED_AUTOS = YES_AGGRESSIVE;
				GCC_WARN_UNUSED_FUNCTION = YES;
				GCC_WARN_UNUSED_VARIABLE = YES;
				IPHONEOS_DEPLOYMENT_TARGET = 10.1;
				MTL_ENABLE_DEBUG_INFO = NO;
				SDKROOT = iphoneos;
				SWIFT_OPTIMIZATION_LEVEL = "-Owholemodule";
				TARGETED_DEVICE_FAMILY = "1,2";
				VALIDATE_PRODUCT = YES;
			};
			name = Release;
		};
		8FBA88451DFD26BF00A2FC61 /* Debug */ = {
			isa = XCBuildConfiguration;
			buildSettings = {
				ASSETCATALOG_COMPILER_APPICON_NAME = AppIcon;
				INFOPLIST_FILE = share_alarm/Info.plist;
				LD_RUNPATH_SEARCH_PATHS = "$(inherited) @executable_path/Frameworks";
				PRODUCT_BUNDLE_IDENTIFIER = "com.mizuki.share-alarm";
				PRODUCT_NAME = "$(TARGET_NAME)";
				SWIFT_VERSION = 3.0;
			};
			name = Debug;
		};
		8FBA88461DFD26BF00A2FC61 /* Release */ = {
			isa = XCBuildConfiguration;
			buildSettings = {
				ASSETCATALOG_COMPILER_APPICON_NAME = AppIcon;
				INFOPLIST_FILE = share_alarm/Info.plist;
				LD_RUNPATH_SEARCH_PATHS = "$(inherited) @executable_path/Frameworks";
				PRODUCT_BUNDLE_IDENTIFIER = "com.mizuki.share-alarm";
				PRODUCT_NAME = "$(TARGET_NAME)";
				SWIFT_VERSION = 3.0;
			};
			name = Release;
		};
		8FBA88481DFD26BF00A2FC61 /* Debug */ = {
			isa = XCBuildConfiguration;
			buildSettings = {
				ALWAYS_EMBED_SWIFT_STANDARD_LIBRARIES = YES;
				BUNDLE_LOADER = "$(TEST_HOST)";
				INFOPLIST_FILE = share_alarmTests/Info.plist;
				LD_RUNPATH_SEARCH_PATHS = "$(inherited) @executable_path/Frameworks @loader_path/Frameworks";
				PRODUCT_BUNDLE_IDENTIFIER = "com.mizuki.share-alarmTests";
				PRODUCT_NAME = "$(TARGET_NAME)";
				SWIFT_VERSION = 3.0;
				TEST_HOST = "$(BUILT_PRODUCTS_DIR)/share_alarm.app/share_alarm";
			};
			name = Debug;
		};
		8FBA88491DFD26BF00A2FC61 /* Release */ = {
			isa = XCBuildConfiguration;
			buildSettings = {
				ALWAYS_EMBED_SWIFT_STANDARD_LIBRARIES = YES;
				BUNDLE_LOADER = "$(TEST_HOST)";
				INFOPLIST_FILE = share_alarmTests/Info.plist;
				LD_RUNPATH_SEARCH_PATHS = "$(inherited) @executable_path/Frameworks @loader_path/Frameworks";
				PRODUCT_BUNDLE_IDENTIFIER = "com.mizuki.share-alarmTests";
				PRODUCT_NAME = "$(TARGET_NAME)";
				SWIFT_VERSION = 3.0;
				TEST_HOST = "$(BUILT_PRODUCTS_DIR)/share_alarm.app/share_alarm";
			};
			name = Release;
		};
		8FBA884B1DFD26BF00A2FC61 /* Debug */ = {
			isa = XCBuildConfiguration;
			buildSettings = {
				ALWAYS_EMBED_SWIFT_STANDARD_LIBRARIES = YES;
				INFOPLIST_FILE = share_alarmUITests/Info.plist;
				LD_RUNPATH_SEARCH_PATHS = "$(inherited) @executable_path/Frameworks @loader_path/Frameworks";
				PRODUCT_BUNDLE_IDENTIFIER = "com.mizuki.share-alarmUITests";
				PRODUCT_NAME = "$(TARGET_NAME)";
				SWIFT_VERSION = 3.0;
				TEST_TARGET_NAME = share_alarm;
			};
			name = Debug;
		};
		8FBA884C1DFD26BF00A2FC61 /* Release */ = {
			isa = XCBuildConfiguration;
			buildSettings = {
				ALWAYS_EMBED_SWIFT_STANDARD_LIBRARIES = YES;
				INFOPLIST_FILE = share_alarmUITests/Info.plist;
				LD_RUNPATH_SEARCH_PATHS = "$(inherited) @executable_path/Frameworks @loader_path/Frameworks";
				PRODUCT_BUNDLE_IDENTIFIER = "com.mizuki.share-alarmUITests";
				PRODUCT_NAME = "$(TARGET_NAME)";
				SWIFT_VERSION = 3.0;
				TEST_TARGET_NAME = share_alarm;
			};
			name = Release;
		};
/* End XCBuildConfiguration section */

/* Begin XCConfigurationList section */
		8FBA88171DFD26BE00A2FC61 /* Build configuration list for PBXProject "share_alarm" */ = {
			isa = XCConfigurationList;
			buildConfigurations = (
				8FBA88421DFD26BF00A2FC61 /* Debug */,
				8FBA88431DFD26BF00A2FC61 /* Release */,
			);
			defaultConfigurationIsVisible = 0;
			defaultConfigurationName = Release;
		};
		8FBA88441DFD26BF00A2FC61 /* Build configuration list for PBXNativeTarget "share_alarm" */ = {
			isa = XCConfigurationList;
			buildConfigurations = (
				8FBA88451DFD26BF00A2FC61 /* Debug */,
				8FBA88461DFD26BF00A2FC61 /* Release */,
			);
			defaultConfigurationIsVisible = 0;
		};
		8FBA88471DFD26BF00A2FC61 /* Build configuration list for PBXNativeTarget "share_alarmTests" */ = {
			isa = XCConfigurationList;
			buildConfigurations = (
				8FBA88481DFD26BF00A2FC61 /* Debug */,
				8FBA88491DFD26BF00A2FC61 /* Release */,
			);
			defaultConfigurationIsVisible = 0;
		};
		8FBA884A1DFD26BF00A2FC61 /* Build configuration list for PBXNativeTarget "share_alarmUITests" */ = {
			isa = XCConfigurationList;
			buildConfigurations = (
				8FBA884B1DFD26BF00A2FC61 /* Debug */,
				8FBA884C1DFD26BF00A2FC61 /* Release */,
			);
			defaultConfigurationIsVisible = 0;
		};
/* End XCConfigurationList section */
	};
	rootObject = 8FBA88141DFD26BE00A2FC61 /* Project object */;
}
