// !$*UTF8*$!
{
	archiveVersion = 1;
	classes = {
	};
	objectVersion = 46;
	objects = {

/* Begin PBXBuildFile section */
		072919EF925254359A7FE16E /* Pods_share_alarmUITests.framework in Frameworks */ = {isa = PBXBuildFile; fileRef = 98AEC9D4BF21459C9E4F6F50 /* Pods_share_alarmUITests.framework */; };
		1CBA6D22DCE4A5E385FC5CB0 /* Pods_share_alarmTests.framework in Frameworks */ = {isa = PBXBuildFile; fileRef = A56D44C18A825CDA1CB0172D /* Pods_share_alarmTests.framework */; };
		2B8DF884EEC22A4BD7F4A6B3 /* Pods_share_alarm.framework in Frameworks */ = {isa = PBXBuildFile; fileRef = F9CAE6CDE8DB8B6D00CE5A9F /* Pods_share_alarm.framework */; };
		8F0899461E3B68BF00D75CE0 /* AlertListViewController.swift in Sources */ = {isa = PBXBuildFile; fileRef = 8F0899451E3B68BF00D75CE0 /* AlertListViewController.swift */; };
		8F52A8E61E8B580C006FBC06 /* Design.storyboard in Resources */ = {isa = PBXBuildFile; fileRef = 8F52A8E51E8B580C006FBC06 /* Design.storyboard */; };
		8FBA88201DFD26BE00A2FC61 /* AppDelegate.swift in Sources */ = {isa = PBXBuildFile; fileRef = 8FBA881F1DFD26BE00A2FC61 /* AppDelegate.swift */; };
		8FBA88221DFD26BE00A2FC61 /* TopViewController.swift in Sources */ = {isa = PBXBuildFile; fileRef = 8FBA88211DFD26BE00A2FC61 /* TopViewController.swift */; };
		8FBA88251DFD26BE00A2FC61 /* Main.storyboard in Resources */ = {isa = PBXBuildFile; fileRef = 8FBA88231DFD26BE00A2FC61 /* Main.storyboard */; };
		8FBA88271DFD26BE00A2FC61 /* Assets.xcassets in Resources */ = {isa = PBXBuildFile; fileRef = 8FBA88261DFD26BE00A2FC61 /* Assets.xcassets */; };
		8FBA882A1DFD26BE00A2FC61 /* LaunchScreen.storyboard in Resources */ = {isa = PBXBuildFile; fileRef = 8FBA88281DFD26BE00A2FC61 /* LaunchScreen.storyboard */; };
		8FBA88351DFD26BE00A2FC61 /* share_alarmTests.swift in Sources */ = {isa = PBXBuildFile; fileRef = 8FBA88341DFD26BE00A2FC61 /* share_alarmTests.swift */; };
		8FBA88401DFD26BF00A2FC61 /* share_alarmUITests.swift in Sources */ = {isa = PBXBuildFile; fileRef = 8FBA883F1DFD26BF00A2FC61 /* share_alarmUITests.swift */; };
		8FBA884E1DFD2C3500A2FC61 /* AlarmCreateViewController.swift in Sources */ = {isa = PBXBuildFile; fileRef = 8FBA884D1DFD2C3500A2FC61 /* AlarmCreateViewController.swift */; };
		A31470571E0672F200AEE46B /* itunesAPI.swift in Sources */ = {isa = PBXBuildFile; fileRef = A31470561E0672F200AEE46B /* itunesAPI.swift */; };
		A31470591E06731900AEE46B /* Track.swift in Sources */ = {isa = PBXBuildFile; fileRef = A31470581E06731900AEE46B /* Track.swift */; };
		A314705B1E06736D00AEE46B /* MusicSelectorViewController.swift in Sources */ = {isa = PBXBuildFile; fileRef = A314705A1E06736D00AEE46B /* MusicSelectorViewController.swift */; };
		A314705D1E0673BA00AEE46B /* TrackList.swift in Sources */ = {isa = PBXBuildFile; fileRef = A314705C1E0673BA00AEE46B /* TrackList.swift */; };
		A314705F1E06742500AEE46B /* UIViewController.swift in Sources */ = {isa = PBXBuildFile; fileRef = A314705E1E06742500AEE46B /* UIViewController.swift */; };
		A31470611E06746700AEE46B /* TrackListCell.swift in Sources */ = {isa = PBXBuildFile; fileRef = A31470601E06746700AEE46B /* TrackListCell.swift */; };
		A31470631E0674AB00AEE46B /* imageFetcher.swift in Sources */ = {isa = PBXBuildFile; fileRef = A31470621E0674AB00AEE46B /* imageFetcher.swift */; };
		A31470661E06755800AEE46B /* TrackListCell.xib in Resources */ = {isa = PBXBuildFile; fileRef = A31470651E06755800AEE46B /* TrackListCell.xib */; };
		A31470681E0675CA00AEE46B /* TrackList.xib in Resources */ = {isa = PBXBuildFile; fileRef = A31470671E0675CA00AEE46B /* TrackList.xib */; };
		A31C70FA1E1BF32500B6DB6B /* MusicSelector.storyboard in Resources */ = {isa = PBXBuildFile; fileRef = A31C70F91E1BF32500B6DB6B /* MusicSelector.storyboard */; };
		A334CC501E16B2DD006A7645 /* Alarm.swift in Sources */ = {isa = PBXBuildFile; fileRef = 8FBA88511DFD2F7A00A2FC61 /* Alarm.swift */; };
		A334CC5C1E16CB1C006A7645 /* GoogleService-Info.plist in Resources */ = {isa = PBXBuildFile; fileRef = A334CC5B1E16CB1C006A7645 /* GoogleService-Info.plist */; };
		A334CC5D1E16CB1C006A7645 /* GoogleService-Info.plist in Resources */ = {isa = PBXBuildFile; fileRef = A334CC5B1E16CB1C006A7645 /* GoogleService-Info.plist */; };
		A334CC5E1E16CB1C006A7645 /* GoogleService-Info.plist in Resources */ = {isa = PBXBuildFile; fileRef = A334CC5B1E16CB1C006A7645 /* GoogleService-Info.plist */; };
		A3352AA51E86C16A0012E823 /* AlarmListCell.xib in Resources */ = {isa = PBXBuildFile; fileRef = A3352AA41E86C16A0012E823 /* AlarmListCell.xib */; };
		A3352AA71E86C1C80012E823 /* AlarmListCell.swift in Sources */ = {isa = PBXBuildFile; fileRef = A3352AA61E86C1C80012E823 /* AlarmListCell.swift */; };
		A33DFEDE1E3BA9E300BC17EF /* InviteInputViewController.swift in Sources */ = {isa = PBXBuildFile; fileRef = A33DFEDD1E3BA9E300BC17EF /* InviteInputViewController.swift */; };
		A33DFEE61E3BAE5100BC17EF /* InviteInput.storyboard in Resources */ = {isa = PBXBuildFile; fileRef = A33DFEE51E3BAE5100BC17EF /* InviteInput.storyboard */; };
		A33DFEE81E3BB19000BC17EF /* InviteCodeInputViewController.swift in Sources */ = {isa = PBXBuildFile; fileRef = A33DFEE71E3BB19000BC17EF /* InviteCodeInputViewController.swift */; };
		A33DFEEA1E3BB1C800BC17EF /* InviteConfirmViewController.swift in Sources */ = {isa = PBXBuildFile; fileRef = A33DFEE91E3BB1C800BC17EF /* InviteConfirmViewController.swift */; };
		A35A91B31E42307300CACD77 /* User.swift in Sources */ = {isa = PBXBuildFile; fileRef = A35A91B21E42307300CACD77 /* User.swift */; };
		A35A91B61E42360C00CACD77 /* AlarmService.swift in Sources */ = {isa = PBXBuildFile; fileRef = A35A91B51E42360C00CACD77 /* AlarmService.swift */; };
		A37B704D1E731F4C00337BDE /* AlarmCreate.storyboard in Resources */ = {isa = PBXBuildFile; fileRef = A37B704C1E731F4C00337BDE /* AlarmCreate.storyboard */; };
		A37B704F1E7323C000337BDE /* AlarmTitleViewController.swift in Sources */ = {isa = PBXBuildFile; fileRef = A37B704E1E7323C000337BDE /* AlarmTitleViewController.swift */; };
		A37B70511E7323E600337BDE /* AlarmDateViewController.swift in Sources */ = {isa = PBXBuildFile; fileRef = A37B70501E7323E600337BDE /* AlarmDateViewController.swift */; };
		A37B70531E7323FB00337BDE /* AlarmVibMusicVIewController.swift in Sources */ = {isa = PBXBuildFile; fileRef = A37B70521E7323FB00337BDE /* AlarmVibMusicVIewController.swift */; };
		A37B70551E73242C00337BDE /* AlarmConfirmViewController.swift in Sources */ = {isa = PBXBuildFile; fileRef = A37B70541E73242C00337BDE /* AlarmConfirmViewController.swift */; };
		A37B70571E73274100337BDE /* AlarmCreateShare.swift in Sources */ = {isa = PBXBuildFile; fileRef = A37B70561E73274100337BDE /* AlarmCreateShare.swift */; };
		A37B70591E75511100337BDE /* JoinedUserCellView.xib in Resources */ = {isa = PBXBuildFile; fileRef = A37B70581E75511100337BDE /* JoinedUserCellView.xib */; };
		A37B705B1E75516000337BDE /* JoinedUserCell.swift in Sources */ = {isa = PBXBuildFile; fileRef = A37B705A1E75516000337BDE /* JoinedUserCell.swift */; };
		A37B705D1E7552AB00337BDE /* JoinedUserList.swift in Sources */ = {isa = PBXBuildFile; fileRef = A37B705C1E7552AB00337BDE /* JoinedUserList.swift */; };
		A37B705F1E7552CF00337BDE /* JoinedUserListView.xib in Resources */ = {isa = PBXBuildFile; fileRef = A37B705E1E7552CF00337BDE /* JoinedUserListView.xib */; };
		A385F4291E6F070A0036AC74 /* AlarmDetail.storyboard in Resources */ = {isa = PBXBuildFile; fileRef = A385F4281E6F070A0036AC74 /* AlarmDetail.storyboard */; };
		A385F42B1E6F07520036AC74 /* AlarmDetailViewController.swift in Sources */ = {isa = PBXBuildFile; fileRef = A385F42A1E6F07520036AC74 /* AlarmDetailViewController.swift */; };
		A3AD02181E529CC500BD4A32 /* SubscribeAlarmViewController.swift in Sources */ = {isa = PBXBuildFile; fileRef = A3AD02171E529CC500BD4A32 /* SubscribeAlarmViewController.swift */; };
		A3E0E4BB1E167AB6000DC94F /* AlarmFireBaseGateway.swift in Sources */ = {isa = PBXBuildFile; fileRef = A3E0E4BA1E167AB6000DC94F /* AlarmFireBaseGateway.swift */; };
		A3EA1B451E5F3A5500A9FD32 /* LoginViewController.swift in Sources */ = {isa = PBXBuildFile; fileRef = A3EA1B441E5F3A5500A9FD32 /* LoginViewController.swift */; };
		A3EA1B481E5F3BA600A9FD32 /* Login.storyboard in Resources */ = {isa = PBXBuildFile; fileRef = A3EA1B471E5F3BA600A9FD32 /* Login.storyboard */; };
		A3EA1B4A1E687AC400A9FD32 /* SubscribeAlarm.storyboard in Resources */ = {isa = PBXBuildFile; fileRef = A3EA1B491E687AC400A9FD32 /* SubscribeAlarm.storyboard */; };
/* End PBXBuildFile section */

/* Begin PBXContainerItemProxy section */
		8FBA88311DFD26BE00A2FC61 /* PBXContainerItemProxy */ = {
			isa = PBXContainerItemProxy;
			containerPortal = 8FBA88141DFD26BE00A2FC61 /* Project object */;
			proxyType = 1;
			remoteGlobalIDString = 8FBA881B1DFD26BE00A2FC61;
			remoteInfo = share_alarm;
		};
		8FBA883C1DFD26BF00A2FC61 /* PBXContainerItemProxy */ = {
			isa = PBXContainerItemProxy;
			containerPortal = 8FBA88141DFD26BE00A2FC61 /* Project object */;
			proxyType = 1;
			remoteGlobalIDString = 8FBA881B1DFD26BE00A2FC61;
			remoteInfo = share_alarm;
		};
/* End PBXContainerItemProxy section */

/* Begin PBXFileReference section */
		45D41BD0AA52700C674E22BB /* Pods-share_alarm.release.xcconfig */ = {isa = PBXFileReference; includeInIndex = 1; lastKnownFileType = text.xcconfig; name = "Pods-share_alarm.release.xcconfig"; path = "Pods/Target Support Files/Pods-share_alarm/Pods-share_alarm.release.xcconfig"; sourceTree = "<group>"; };
		513A098B880ADDAC24171B34 /* Pods-share_alarmUITests.debug.xcconfig */ = {isa = PBXFileReference; includeInIndex = 1; lastKnownFileType = text.xcconfig; name = "Pods-share_alarmUITests.debug.xcconfig"; path = "Pods/Target Support Files/Pods-share_alarmUITests/Pods-share_alarmUITests.debug.xcconfig"; sourceTree = "<group>"; };
		6110475384A2DCAC00E35A04 /* Pods-share_alarmTests.release.xcconfig */ = {isa = PBXFileReference; includeInIndex = 1; lastKnownFileType = text.xcconfig; name = "Pods-share_alarmTests.release.xcconfig"; path = "Pods/Target Support Files/Pods-share_alarmTests/Pods-share_alarmTests.release.xcconfig"; sourceTree = "<group>"; };
		8F0899451E3B68BF00D75CE0 /* AlertListViewController.swift */ = {isa = PBXFileReference; fileEncoding = 4; lastKnownFileType = sourcecode.swift; path = AlertListViewController.swift; sourceTree = "<group>"; };
		8F52A8E51E8B580C006FBC06 /* Design.storyboard */ = {isa = PBXFileReference; fileEncoding = 4; lastKnownFileType = file.storyboard; path = Design.storyboard; sourceTree = "<group>"; };
		8FBA881C1DFD26BE00A2FC61 /* share_alarm.app */ = {isa = PBXFileReference; explicitFileType = wrapper.application; includeInIndex = 0; path = share_alarm.app; sourceTree = BUILT_PRODUCTS_DIR; };
		8FBA881F1DFD26BE00A2FC61 /* AppDelegate.swift */ = {isa = PBXFileReference; lastKnownFileType = sourcecode.swift; path = AppDelegate.swift; sourceTree = "<group>"; };
		8FBA88211DFD26BE00A2FC61 /* TopViewController.swift */ = {isa = PBXFileReference; lastKnownFileType = sourcecode.swift; path = TopViewController.swift; sourceTree = "<group>"; };
		8FBA88241DFD26BE00A2FC61 /* Base */ = {isa = PBXFileReference; lastKnownFileType = file.storyboard; name = Base; path = Base.lproj/Main.storyboard; sourceTree = "<group>"; };
		8FBA88261DFD26BE00A2FC61 /* Assets.xcassets */ = {isa = PBXFileReference; lastKnownFileType = folder.assetcatalog; path = Assets.xcassets; sourceTree = "<group>"; };
		8FBA88291DFD26BE00A2FC61 /* Base */ = {isa = PBXFileReference; lastKnownFileType = file.storyboard; name = Base; path = Base.lproj/LaunchScreen.storyboard; sourceTree = "<group>"; };
		8FBA882B1DFD26BE00A2FC61 /* Info.plist */ = {isa = PBXFileReference; lastKnownFileType = text.plist.xml; path = Info.plist; sourceTree = "<group>"; };
		8FBA88301DFD26BE00A2FC61 /* share_alarmTests.xctest */ = {isa = PBXFileReference; explicitFileType = wrapper.cfbundle; includeInIndex = 0; path = share_alarmTests.xctest; sourceTree = BUILT_PRODUCTS_DIR; };
		8FBA88341DFD26BE00A2FC61 /* share_alarmTests.swift */ = {isa = PBXFileReference; lastKnownFileType = sourcecode.swift; path = share_alarmTests.swift; sourceTree = "<group>"; };
		8FBA88361DFD26BE00A2FC61 /* Info.plist */ = {isa = PBXFileReference; lastKnownFileType = text.plist.xml; path = Info.plist; sourceTree = "<group>"; };
		8FBA883B1DFD26BF00A2FC61 /* share_alarmUITests.xctest */ = {isa = PBXFileReference; explicitFileType = wrapper.cfbundle; includeInIndex = 0; path = share_alarmUITests.xctest; sourceTree = BUILT_PRODUCTS_DIR; };
		8FBA883F1DFD26BF00A2FC61 /* share_alarmUITests.swift */ = {isa = PBXFileReference; lastKnownFileType = sourcecode.swift; path = share_alarmUITests.swift; sourceTree = "<group>"; };
		8FBA88411DFD26BF00A2FC61 /* Info.plist */ = {isa = PBXFileReference; lastKnownFileType = text.plist.xml; path = Info.plist; sourceTree = "<group>"; };
		8FBA884D1DFD2C3500A2FC61 /* AlarmCreateViewController.swift */ = {isa = PBXFileReference; fileEncoding = 4; lastKnownFileType = sourcecode.swift; path = AlarmCreateViewController.swift; sourceTree = "<group>"; };
		8FBA88511DFD2F7A00A2FC61 /* Alarm.swift */ = {isa = PBXFileReference; fileEncoding = 4; lastKnownFileType = sourcecode.swift; path = Alarm.swift; sourceTree = "<group>"; };
		98AEC9D4BF21459C9E4F6F50 /* Pods_share_alarmUITests.framework */ = {isa = PBXFileReference; explicitFileType = wrapper.framework; includeInIndex = 0; path = Pods_share_alarmUITests.framework; sourceTree = BUILT_PRODUCTS_DIR; };
		A31470561E0672F200AEE46B /* itunesAPI.swift */ = {isa = PBXFileReference; fileEncoding = 4; lastKnownFileType = sourcecode.swift; path = itunesAPI.swift; sourceTree = "<group>"; };
		A31470581E06731900AEE46B /* Track.swift */ = {isa = PBXFileReference; fileEncoding = 4; lastKnownFileType = sourcecode.swift; path = Track.swift; sourceTree = "<group>"; };
		A314705A1E06736D00AEE46B /* MusicSelectorViewController.swift */ = {isa = PBXFileReference; fileEncoding = 4; lastKnownFileType = sourcecode.swift; path = MusicSelectorViewController.swift; sourceTree = "<group>"; };
		A314705C1E0673BA00AEE46B /* TrackList.swift */ = {isa = PBXFileReference; fileEncoding = 4; lastKnownFileType = sourcecode.swift; path = TrackList.swift; sourceTree = "<group>"; };
		A314705E1E06742500AEE46B /* UIViewController.swift */ = {isa = PBXFileReference; fileEncoding = 4; lastKnownFileType = sourcecode.swift; path = UIViewController.swift; sourceTree = "<group>"; };
		A31470601E06746700AEE46B /* TrackListCell.swift */ = {isa = PBXFileReference; fileEncoding = 4; lastKnownFileType = sourcecode.swift; path = TrackListCell.swift; sourceTree = "<group>"; };
		A31470621E0674AB00AEE46B /* imageFetcher.swift */ = {isa = PBXFileReference; fileEncoding = 4; lastKnownFileType = sourcecode.swift; path = imageFetcher.swift; sourceTree = "<group>"; };
		A31470651E06755800AEE46B /* TrackListCell.xib */ = {isa = PBXFileReference; fileEncoding = 4; lastKnownFileType = file.xib; path = TrackListCell.xib; sourceTree = "<group>"; };
		A31470671E0675CA00AEE46B /* TrackList.xib */ = {isa = PBXFileReference; fileEncoding = 4; lastKnownFileType = file.xib; path = TrackList.xib; sourceTree = "<group>"; };
		A31C70F91E1BF32500B6DB6B /* MusicSelector.storyboard */ = {isa = PBXFileReference; fileEncoding = 4; lastKnownFileType = file.storyboard; path = MusicSelector.storyboard; sourceTree = "<group>"; };
		A334CC5B1E16CB1C006A7645 /* GoogleService-Info.plist */ = {isa = PBXFileReference; fileEncoding = 4; lastKnownFileType = text.plist.xml; path = "GoogleService-Info.plist"; sourceTree = "<group>"; };
		A3352AA41E86C16A0012E823 /* AlarmListCell.xib */ = {isa = PBXFileReference; fileEncoding = 4; lastKnownFileType = file.xib; path = AlarmListCell.xib; sourceTree = "<group>"; };
		A3352AA61E86C1C80012E823 /* AlarmListCell.swift */ = {isa = PBXFileReference; fileEncoding = 4; lastKnownFileType = sourcecode.swift; path = AlarmListCell.swift; sourceTree = "<group>"; };
		A33DFEDD1E3BA9E300BC17EF /* InviteInputViewController.swift */ = {isa = PBXFileReference; fileEncoding = 4; lastKnownFileType = sourcecode.swift; path = InviteInputViewController.swift; sourceTree = "<group>"; };
		A33DFEE51E3BAE5100BC17EF /* InviteInput.storyboard */ = {isa = PBXFileReference; fileEncoding = 4; lastKnownFileType = file.storyboard; path = InviteInput.storyboard; sourceTree = "<group>"; };
		A33DFEE71E3BB19000BC17EF /* InviteCodeInputViewController.swift */ = {isa = PBXFileReference; fileEncoding = 4; lastKnownFileType = sourcecode.swift; path = InviteCodeInputViewController.swift; sourceTree = "<group>"; };
		A33DFEE91E3BB1C800BC17EF /* InviteConfirmViewController.swift */ = {isa = PBXFileReference; fileEncoding = 4; lastKnownFileType = sourcecode.swift; path = InviteConfirmViewController.swift; sourceTree = "<group>"; };
		A35A91B21E42307300CACD77 /* User.swift */ = {isa = PBXFileReference; fileEncoding = 4; lastKnownFileType = sourcecode.swift; path = User.swift; sourceTree = "<group>"; };
		A35A91B51E42360C00CACD77 /* AlarmService.swift */ = {isa = PBXFileReference; fileEncoding = 4; lastKnownFileType = sourcecode.swift; path = AlarmService.swift; sourceTree = "<group>"; };
		A37B704C1E731F4C00337BDE /* AlarmCreate.storyboard */ = {isa = PBXFileReference; fileEncoding = 4; lastKnownFileType = file.storyboard; path = AlarmCreate.storyboard; sourceTree = "<group>"; };
		A37B704E1E7323C000337BDE /* AlarmTitleViewController.swift */ = {isa = PBXFileReference; fileEncoding = 4; lastKnownFileType = sourcecode.swift; path = AlarmTitleViewController.swift; sourceTree = "<group>"; };
		A37B70501E7323E600337BDE /* AlarmDateViewController.swift */ = {isa = PBXFileReference; fileEncoding = 4; lastKnownFileType = sourcecode.swift; path = AlarmDateViewController.swift; sourceTree = "<group>"; };
		A37B70521E7323FB00337BDE /* AlarmVibMusicVIewController.swift */ = {isa = PBXFileReference; fileEncoding = 4; lastKnownFileType = sourcecode.swift; path = AlarmVibMusicVIewController.swift; sourceTree = "<group>"; };
		A37B70541E73242C00337BDE /* AlarmConfirmViewController.swift */ = {isa = PBXFileReference; fileEncoding = 4; lastKnownFileType = sourcecode.swift; path = AlarmConfirmViewController.swift; sourceTree = "<group>"; };
		A37B70561E73274100337BDE /* AlarmCreateShare.swift */ = {isa = PBXFileReference; fileEncoding = 4; lastKnownFileType = sourcecode.swift; path = AlarmCreateShare.swift; sourceTree = "<group>"; };
		A37B70581E75511100337BDE /* JoinedUserCellView.xib */ = {isa = PBXFileReference; fileEncoding = 4; lastKnownFileType = file.xib; path = JoinedUserCellView.xib; sourceTree = "<group>"; };
		A37B705A1E75516000337BDE /* JoinedUserCell.swift */ = {isa = PBXFileReference; fileEncoding = 4; lastKnownFileType = sourcecode.swift; path = JoinedUserCell.swift; sourceTree = "<group>"; };
		A37B705C1E7552AB00337BDE /* JoinedUserList.swift */ = {isa = PBXFileReference; fileEncoding = 4; lastKnownFileType = sourcecode.swift; path = JoinedUserList.swift; sourceTree = "<group>"; };
		A37B705E1E7552CF00337BDE /* JoinedUserListView.xib */ = {isa = PBXFileReference; fileEncoding = 4; lastKnownFileType = file.xib; path = JoinedUserListView.xib; sourceTree = "<group>"; };
		A385F4281E6F070A0036AC74 /* AlarmDetail.storyboard */ = {isa = PBXFileReference; fileEncoding = 4; lastKnownFileType = file.storyboard; path = AlarmDetail.storyboard; sourceTree = "<group>"; };
		A385F42A1E6F07520036AC74 /* AlarmDetailViewController.swift */ = {isa = PBXFileReference; fileEncoding = 4; lastKnownFileType = sourcecode.swift; path = AlarmDetailViewController.swift; sourceTree = "<group>"; };
		A3AD02171E529CC500BD4A32 /* SubscribeAlarmViewController.swift */ = {isa = PBXFileReference; fileEncoding = 4; lastKnownFileType = sourcecode.swift; path = SubscribeAlarmViewController.swift; sourceTree = "<group>"; };
		A3E0E4BA1E167AB6000DC94F /* AlarmFireBaseGateway.swift */ = {isa = PBXFileReference; fileEncoding = 4; lastKnownFileType = sourcecode.swift; path = AlarmFireBaseGateway.swift; sourceTree = "<group>"; };
		A3EA1B441E5F3A5500A9FD32 /* LoginViewController.swift */ = {isa = PBXFileReference; fileEncoding = 4; lastKnownFileType = sourcecode.swift; path = LoginViewController.swift; sourceTree = "<group>"; };
		A3EA1B471E5F3BA600A9FD32 /* Login.storyboard */ = {isa = PBXFileReference; fileEncoding = 4; lastKnownFileType = file.storyboard; path = Login.storyboard; sourceTree = "<group>"; };
		A3EA1B491E687AC400A9FD32 /* SubscribeAlarm.storyboard */ = {isa = PBXFileReference; fileEncoding = 4; lastKnownFileType = file.storyboard; path = SubscribeAlarm.storyboard; sourceTree = "<group>"; };
		A56D44C18A825CDA1CB0172D /* Pods_share_alarmTests.framework */ = {isa = PBXFileReference; explicitFileType = wrapper.framework; includeInIndex = 0; path = Pods_share_alarmTests.framework; sourceTree = BUILT_PRODUCTS_DIR; };
		A8A686EB3066C3234D186C76 /* Pods-share_alarmTests.debug.xcconfig */ = {isa = PBXFileReference; includeInIndex = 1; lastKnownFileType = text.xcconfig; name = "Pods-share_alarmTests.debug.xcconfig"; path = "Pods/Target Support Files/Pods-share_alarmTests/Pods-share_alarmTests.debug.xcconfig"; sourceTree = "<group>"; };
		C3C5B8563EAF7AF9477CB28A /* Pods-share_alarm.debug.xcconfig */ = {isa = PBXFileReference; includeInIndex = 1; lastKnownFileType = text.xcconfig; name = "Pods-share_alarm.debug.xcconfig"; path = "Pods/Target Support Files/Pods-share_alarm/Pods-share_alarm.debug.xcconfig"; sourceTree = "<group>"; };
		E25188ED1229392DAAFE5D60 /* Pods-share_alarmUITests.release.xcconfig */ = {isa = PBXFileReference; includeInIndex = 1; lastKnownFileType = text.xcconfig; name = "Pods-share_alarmUITests.release.xcconfig"; path = "Pods/Target Support Files/Pods-share_alarmUITests/Pods-share_alarmUITests.release.xcconfig"; sourceTree = "<group>"; };
		F9CAE6CDE8DB8B6D00CE5A9F /* Pods_share_alarm.framework */ = {isa = PBXFileReference; explicitFileType = wrapper.framework; includeInIndex = 0; path = Pods_share_alarm.framework; sourceTree = BUILT_PRODUCTS_DIR; };
/* End PBXFileReference section */

/* Begin PBXFrameworksBuildPhase section */
		8FBA88191DFD26BE00A2FC61 /* Frameworks */ = {
			isa = PBXFrameworksBuildPhase;
			buildActionMask = 2147483647;
			files = (
				2B8DF884EEC22A4BD7F4A6B3 /* Pods_share_alarm.framework in Frameworks */,
			);
			runOnlyForDeploymentPostprocessing = 0;
		};
		8FBA882D1DFD26BE00A2FC61 /* Frameworks */ = {
			isa = PBXFrameworksBuildPhase;
			buildActionMask = 2147483647;
			files = (
				1CBA6D22DCE4A5E385FC5CB0 /* Pods_share_alarmTests.framework in Frameworks */,
			);
			runOnlyForDeploymentPostprocessing = 0;
		};
		8FBA88381DFD26BF00A2FC61 /* Frameworks */ = {
			isa = PBXFrameworksBuildPhase;
			buildActionMask = 2147483647;
			files = (
				072919EF925254359A7FE16E /* Pods_share_alarmUITests.framework in Frameworks */,
			);
			runOnlyForDeploymentPostprocessing = 0;
		};
/* End PBXFrameworksBuildPhase section */

/* Begin PBXGroup section */
		26DDF6BB140E1A4C9FF1442D /* Frameworks */ = {
			isa = PBXGroup;
			children = (
				F9CAE6CDE8DB8B6D00CE5A9F /* Pods_share_alarm.framework */,
				A56D44C18A825CDA1CB0172D /* Pods_share_alarmTests.framework */,
				98AEC9D4BF21459C9E4F6F50 /* Pods_share_alarmUITests.framework */,
			);
			name = Frameworks;
			sourceTree = "<group>";
		};
		494B53F459D776C5775A1BA0 /* Pods */ = {
			isa = PBXGroup;
			children = (
				C3C5B8563EAF7AF9477CB28A /* Pods-share_alarm.debug.xcconfig */,
				45D41BD0AA52700C674E22BB /* Pods-share_alarm.release.xcconfig */,
				A8A686EB3066C3234D186C76 /* Pods-share_alarmTests.debug.xcconfig */,
				6110475384A2DCAC00E35A04 /* Pods-share_alarmTests.release.xcconfig */,
				513A098B880ADDAC24171B34 /* Pods-share_alarmUITests.debug.xcconfig */,
				E25188ED1229392DAAFE5D60 /* Pods-share_alarmUITests.release.xcconfig */,
			);
			name = Pods;
			sourceTree = "<group>";
		};
		8FBA88131DFD26BE00A2FC61 = {
			isa = PBXGroup;
			children = (
				8FBA881E1DFD26BE00A2FC61 /* share_alarm */,
				8FBA88331DFD26BE00A2FC61 /* share_alarmTests */,
				8FBA883E1DFD26BF00A2FC61 /* share_alarmUITests */,
				8FBA881D1DFD26BE00A2FC61 /* Products */,
				494B53F459D776C5775A1BA0 /* Pods */,
				26DDF6BB140E1A4C9FF1442D /* Frameworks */,
			);
			sourceTree = "<group>";
		};
		8FBA881D1DFD26BE00A2FC61 /* Products */ = {
			isa = PBXGroup;
			children = (
				8FBA881C1DFD26BE00A2FC61 /* share_alarm.app */,
				8FBA88301DFD26BE00A2FC61 /* share_alarmTests.xctest */,
				8FBA883B1DFD26BF00A2FC61 /* share_alarmUITests.xctest */,
			);
			name = Products;
			sourceTree = "<group>";
		};
		8FBA881E1DFD26BE00A2FC61 /* share_alarm */ = {
			isa = PBXGroup;
			children = (
				A3352AA31E86C1110012E823 /* alarmList */,
				A37B70471E7314E400337BDE /* alarmCreateView */,
				A385F4271E6F06EC0036AC74 /* alarmDetail */,
				A3EA1B461E5F3AD300A9FD32 /* Login */,
				A3AD02161E529CAD00BD4A32 /* subscribeAlarm */,
				A35A91B41E4235F700CACD77 /* services */,
				A33DFEDF1E3BACCD00BC17EF /* InviteInput */,
				A334CC5B1E16CB1C006A7645 /* GoogleService-Info.plist */,
				A3E0E4B91E167A98000DC94F /* Gateways */,
				A31470551E0672A300AEE46B /* musicSelector */,
				8FBA88501DFD2F4400A2FC61 /* Model */,
				8FBA881F1DFD26BE00A2FC61 /* AppDelegate.swift */,
				8FBA88211DFD26BE00A2FC61 /* TopViewController.swift */,
				8FBA88231DFD26BE00A2FC61 /* Main.storyboard */,
				8F52A8E51E8B580C006FBC06 /* Design.storyboard */,
				8FBA884D1DFD2C3500A2FC61 /* AlarmCreateViewController.swift */,
				8F0899451E3B68BF00D75CE0 /* AlertListViewController.swift */,
				8FBA88261DFD26BE00A2FC61 /* Assets.xcassets */,
				8FBA88281DFD26BE00A2FC61 /* LaunchScreen.storyboard */,
				8FBA882B1DFD26BE00A2FC61 /* Info.plist */,
				A314705E1E06742500AEE46B /* UIViewController.swift */,
				A31470621E0674AB00AEE46B /* imageFetcher.swift */,
				A35A91B21E42307300CACD77 /* User.swift */,
			);
			path = share_alarm;
			sourceTree = "<group>";
		};
		8FBA88331DFD26BE00A2FC61 /* share_alarmTests */ = {
			isa = PBXGroup;
			children = (
				8FBA88341DFD26BE00A2FC61 /* share_alarmTests.swift */,
				8FBA88361DFD26BE00A2FC61 /* Info.plist */,
			);
			path = share_alarmTests;
			sourceTree = "<group>";
		};
		8FBA883E1DFD26BF00A2FC61 /* share_alarmUITests */ = {
			isa = PBXGroup;
			children = (
				8FBA883F1DFD26BF00A2FC61 /* share_alarmUITests.swift */,
				8FBA88411DFD26BF00A2FC61 /* Info.plist */,
			);
			path = share_alarmUITests;
			sourceTree = "<group>";
		};
		8FBA88501DFD2F4400A2FC61 /* Model */ = {
			isa = PBXGroup;
			children = (
				8FBA88511DFD2F7A00A2FC61 /* Alarm.swift */,
			);
			name = Model;
			sourceTree = "<group>";
		};
		A31470551E0672A300AEE46B /* musicSelector */ = {
			isa = PBXGroup;
			children = (
				A31470641E06753400AEE46B /* view */,
				A31470561E0672F200AEE46B /* itunesAPI.swift */,
				A31470581E06731900AEE46B /* Track.swift */,
				A314705A1E06736D00AEE46B /* MusicSelectorViewController.swift */,
				A314705C1E0673BA00AEE46B /* TrackList.swift */,
				A31470601E06746700AEE46B /* TrackListCell.swift */,
				A31C70F91E1BF32500B6DB6B /* MusicSelector.storyboard */,
			);
			name = musicSelector;
			sourceTree = "<group>";
		};
		A31470641E06753400AEE46B /* view */ = {
			isa = PBXGroup;
			children = (
				A31470651E06755800AEE46B /* TrackListCell.xib */,
				A31470671E0675CA00AEE46B /* TrackList.xib */,
			);
			name = view;
			sourceTree = "<group>";
		};
		A3352AA31E86C1110012E823 /* alarmList */ = {
			isa = PBXGroup;
			children = (
				A3352AA41E86C16A0012E823 /* AlarmListCell.xib */,
				A3352AA61E86C1C80012E823 /* AlarmListCell.swift */,
			);
			name = alarmList;
			sourceTree = "<group>";
		};
		A33DFEDF1E3BACCD00BC17EF /* InviteInput */ = {
			isa = PBXGroup;
			children = (
				A33DFEDD1E3BA9E300BC17EF /* InviteInputViewController.swift */,
				A33DFEE51E3BAE5100BC17EF /* InviteInput.storyboard */,
				A33DFEE71E3BB19000BC17EF /* InviteCodeInputViewController.swift */,
				A33DFEE91E3BB1C800BC17EF /* InviteConfirmViewController.swift */,
			);
			name = InviteInput;
			sourceTree = "<group>";
		};
		A35A91B41E4235F700CACD77 /* services */ = {
			isa = PBXGroup;
			children = (
				A35A91B51E42360C00CACD77 /* AlarmService.swift */,
			);
			name = services;
			sourceTree = "<group>";
		};
		A37B70471E7314E400337BDE /* alarmCreateView */ = {
			isa = PBXGroup;
			children = (
				A37B704C1E731F4C00337BDE /* AlarmCreate.storyboard */,
				A37B704E1E7323C000337BDE /* AlarmTitleViewController.swift */,
				A37B70501E7323E600337BDE /* AlarmDateViewController.swift */,
				A37B70521E7323FB00337BDE /* AlarmVibMusicVIewController.swift */,
				A37B70541E73242C00337BDE /* AlarmConfirmViewController.swift */,
				A37B70561E73274100337BDE /* AlarmCreateShare.swift */,
			);
			name = alarmCreateView;
			sourceTree = "<group>";
		};
		A385F4271E6F06EC0036AC74 /* alarmDetail */ = {
			isa = PBXGroup;
			children = (
				A385F4281E6F070A0036AC74 /* AlarmDetail.storyboard */,
				A385F42A1E6F07520036AC74 /* AlarmDetailViewController.swift */,
			);
			name = alarmDetail;
			sourceTree = "<group>";
		};
		A3AD02161E529CAD00BD4A32 /* subscribeAlarm */ = {
			isa = PBXGroup;
			children = (
				A3AD02171E529CC500BD4A32 /* SubscribeAlarmViewController.swift */,
				A3EA1B491E687AC400A9FD32 /* SubscribeAlarm.storyboard */,
				A37B70581E75511100337BDE /* JoinedUserCellView.xib */,
				A37B705A1E75516000337BDE /* JoinedUserCell.swift */,
				A37B705C1E7552AB00337BDE /* JoinedUserList.swift */,
				A37B705E1E7552CF00337BDE /* JoinedUserListView.xib */,
			);
			name = subscribeAlarm;
			sourceTree = "<group>";
		};
		A3E0E4B91E167A98000DC94F /* Gateways */ = {
			isa = PBXGroup;
			children = (
				A3E0E4BA1E167AB6000DC94F /* AlarmFireBaseGateway.swift */,
			);
			name = Gateways;
			sourceTree = "<group>";
		};
		A3EA1B461E5F3AD300A9FD32 /* Login */ = {
			isa = PBXGroup;
			children = (
				A3EA1B441E5F3A5500A9FD32 /* LoginViewController.swift */,
				A3EA1B471E5F3BA600A9FD32 /* Login.storyboard */,
			);
			name = Login;
			sourceTree = "<group>";
		};
/* End PBXGroup section */

/* Begin PBXNativeTarget section */
		8FBA881B1DFD26BE00A2FC61 /* share_alarm */ = {
			isa = PBXNativeTarget;
			buildConfigurationList = 8FBA88441DFD26BF00A2FC61 /* Build configuration list for PBXNativeTarget "share_alarm" */;
			buildPhases = (
				FD36CFEE3840BD060B307F19 /* [CP] Check Pods Manifest.lock */,
				8FBA88181DFD26BE00A2FC61 /* Sources */,
				8FBA88191DFD26BE00A2FC61 /* Frameworks */,
				8FBA881A1DFD26BE00A2FC61 /* Resources */,
				2A7FE08DD569E850B4389FC3 /* [CP] Embed Pods Frameworks */,
				0EB3425ED776669AEC445D9E /* [CP] Copy Pods Resources */,
			);
			buildRules = (
			);
			dependencies = (
			);
			name = share_alarm;
			productName = share_alarm;
			productReference = 8FBA881C1DFD26BE00A2FC61 /* share_alarm.app */;
			productType = "com.apple.product-type.application";
		};
		8FBA882F1DFD26BE00A2FC61 /* share_alarmTests */ = {
			isa = PBXNativeTarget;
			buildConfigurationList = 8FBA88471DFD26BF00A2FC61 /* Build configuration list for PBXNativeTarget "share_alarmTests" */;
			buildPhases = (
				9E83A4D6962C1CCA4D60CB56 /* [CP] Check Pods Manifest.lock */,
				8FBA882C1DFD26BE00A2FC61 /* Sources */,
				8FBA882D1DFD26BE00A2FC61 /* Frameworks */,
				8FBA882E1DFD26BE00A2FC61 /* Resources */,
				276B70E01D8D4F16FDE7FEE9 /* [CP] Embed Pods Frameworks */,
				8AFFC3D55F0231DF03499061 /* [CP] Copy Pods Resources */,
			);
			buildRules = (
			);
			dependencies = (
				8FBA88321DFD26BE00A2FC61 /* PBXTargetDependency */,
			);
			name = share_alarmTests;
			productName = share_alarmTests;
			productReference = 8FBA88301DFD26BE00A2FC61 /* share_alarmTests.xctest */;
			productType = "com.apple.product-type.bundle.unit-test";
		};
		8FBA883A1DFD26BF00A2FC61 /* share_alarmUITests */ = {
			isa = PBXNativeTarget;
			buildConfigurationList = 8FBA884A1DFD26BF00A2FC61 /* Build configuration list for PBXNativeTarget "share_alarmUITests" */;
			buildPhases = (
				743D225503436C11E897895F /* [CP] Check Pods Manifest.lock */,
				8FBA88371DFD26BF00A2FC61 /* Sources */,
				8FBA88381DFD26BF00A2FC61 /* Frameworks */,
				8FBA88391DFD26BF00A2FC61 /* Resources */,
				3DAB3FD4ABB6121D7F0C3ACC /* [CP] Copy Pods Resources */,
			);
			buildRules = (
			);
			dependencies = (
				8FBA883D1DFD26BF00A2FC61 /* PBXTargetDependency */,
			);
			name = share_alarmUITests;
			productName = share_alarmUITests;
			productReference = 8FBA883B1DFD26BF00A2FC61 /* share_alarmUITests.xctest */;
			productType = "com.apple.product-type.bundle.ui-testing";
		};
/* End PBXNativeTarget section */

/* Begin PBXProject section */
		8FBA88141DFD26BE00A2FC61 /* Project object */ = {
			isa = PBXProject;
			attributes = {
				LastSwiftUpdateCheck = 0810;
				LastUpgradeCheck = 0820;
				ORGANIZATIONNAME = "Mizuki Shimato";
				TargetAttributes = {
					8FBA881B1DFD26BE00A2FC61 = {
						CreatedOnToolsVersion = 8.1;
						DevelopmentTeam = RMRZLS2W69;
						LastSwiftMigration = 0820;
						ProvisioningStyle = Automatic;
					};
					8FBA882F1DFD26BE00A2FC61 = {
						CreatedOnToolsVersion = 8.1;
						LastSwiftMigration = 0820;
						ProvisioningStyle = Automatic;
						TestTargetID = 8FBA881B1DFD26BE00A2FC61;
					};
					8FBA883A1DFD26BF00A2FC61 = {
						CreatedOnToolsVersion = 8.1;
						LastSwiftMigration = 0820;
						ProvisioningStyle = Automatic;
						TestTargetID = 8FBA881B1DFD26BE00A2FC61;
					};
				};
			};
			buildConfigurationList = 8FBA88171DFD26BE00A2FC61 /* Build configuration list for PBXProject "share_alarm" */;
			compatibilityVersion = "Xcode 3.2";
			developmentRegion = English;
			hasScannedForEncodings = 0;
			knownRegions = (
				en,
				Base,
			);
			mainGroup = 8FBA88131DFD26BE00A2FC61;
			productRefGroup = 8FBA881D1DFD26BE00A2FC61 /* Products */;
			projectDirPath = "";
			projectRoot = "";
			targets = (
				8FBA881B1DFD26BE00A2FC61 /* share_alarm */,
				8FBA882F1DFD26BE00A2FC61 /* share_alarmTests */,
				8FBA883A1DFD26BF00A2FC61 /* share_alarmUITests */,
			);
		};
/* End PBXProject section */

/* Begin PBXResourcesBuildPhase section */
		8FBA881A1DFD26BE00A2FC61 /* Resources */ = {
			isa = PBXResourcesBuildPhase;
			buildActionMask = 2147483647;
			files = (
				A31470681E0675CA00AEE46B /* TrackList.xib in Resources */,
				A37B70591E75511100337BDE /* JoinedUserCellView.xib in Resources */,
				8F52A8E61E8B580C006FBC06 /* Design.storyboard in Resources */,
				A334CC5C1E16CB1C006A7645 /* GoogleService-Info.plist in Resources */,
				A33DFEE61E3BAE5100BC17EF /* InviteInput.storyboard in Resources */,
				8FBA882A1DFD26BE00A2FC61 /* LaunchScreen.storyboard in Resources */,
				8FBA88271DFD26BE00A2FC61 /* Assets.xcassets in Resources */,
				A37B705F1E7552CF00337BDE /* JoinedUserListView.xib in Resources */,
				8FBA88251DFD26BE00A2FC61 /* Main.storyboard in Resources */,
				A385F4291E6F070A0036AC74 /* AlarmDetail.storyboard in Resources */,
				A3EA1B4A1E687AC400A9FD32 /* SubscribeAlarm.storyboard in Resources */,
				A31470661E06755800AEE46B /* TrackListCell.xib in Resources */,
				A31C70FA1E1BF32500B6DB6B /* MusicSelector.storyboard in Resources */,
				A37B704D1E731F4C00337BDE /* AlarmCreate.storyboard in Resources */,
				A3352AA51E86C16A0012E823 /* AlarmListCell.xib in Resources */,
				A3EA1B481E5F3BA600A9FD32 /* Login.storyboard in Resources */,
			);
			runOnlyForDeploymentPostprocessing = 0;
		};
		8FBA882E1DFD26BE00A2FC61 /* Resources */ = {
			isa = PBXResourcesBuildPhase;
			buildActionMask = 2147483647;
			files = (
				A334CC5D1E16CB1C006A7645 /* GoogleService-Info.plist in Resources */,
			);
			runOnlyForDeploymentPostprocessing = 0;
		};
		8FBA88391DFD26BF00A2FC61 /* Resources */ = {
			isa = PBXResourcesBuildPhase;
			buildActionMask = 2147483647;
			files = (
				A334CC5E1E16CB1C006A7645 /* GoogleService-Info.plist in Resources */,
			);
			runOnlyForDeploymentPostprocessing = 0;
		};
/* End PBXResourcesBuildPhase section */

/* Begin PBXShellScriptBuildPhase section */
		0EB3425ED776669AEC445D9E /* [CP] Copy Pods Resources */ = {
			isa = PBXShellScriptBuildPhase;
			buildActionMask = 2147483647;
			files = (
			);
			inputPaths = (
			);
			name = "[CP] Copy Pods Resources";
			outputPaths = (
			);
			runOnlyForDeploymentPostprocessing = 0;
			shellPath = /bin/sh;
			shellScript = "\"${SRCROOT}/Pods/Target Support Files/Pods-share_alarm/Pods-share_alarm-resources.sh\"\n";
			showEnvVarsInLog = 0;
		};
		276B70E01D8D4F16FDE7FEE9 /* [CP] Embed Pods Frameworks */ = {
			isa = PBXShellScriptBuildPhase;
			buildActionMask = 2147483647;
			files = (
			);
			inputPaths = (
			);
			name = "[CP] Embed Pods Frameworks";
			outputPaths = (
			);
			runOnlyForDeploymentPostprocessing = 0;
			shellPath = /bin/sh;
			shellScript = "\"${SRCROOT}/Pods/Target Support Files/Pods-share_alarmTests/Pods-share_alarmTests-frameworks.sh\"\n";
			showEnvVarsInLog = 0;
		};
		2A7FE08DD569E850B4389FC3 /* [CP] Embed Pods Frameworks */ = {
			isa = PBXShellScriptBuildPhase;
			buildActionMask = 2147483647;
			files = (
			);
			inputPaths = (
			);
			name = "[CP] Embed Pods Frameworks";
			outputPaths = (
			);
			runOnlyForDeploymentPostprocessing = 0;
			shellPath = /bin/sh;
			shellScript = "\"${SRCROOT}/Pods/Target Support Files/Pods-share_alarm/Pods-share_alarm-frameworks.sh\"\n";
			showEnvVarsInLog = 0;
		};
		3DAB3FD4ABB6121D7F0C3ACC /* [CP] Copy Pods Resources */ = {
			isa = PBXShellScriptBuildPhase;
			buildActionMask = 2147483647;
			files = (
			);
			inputPaths = (
			);
			name = "[CP] Copy Pods Resources";
			outputPaths = (
			);
			runOnlyForDeploymentPostprocessing = 0;
			shellPath = /bin/sh;
			shellScript = "\"${SRCROOT}/Pods/Target Support Files/Pods-share_alarmUITests/Pods-share_alarmUITests-resources.sh\"\n";
			showEnvVarsInLog = 0;
		};
		743D225503436C11E897895F /* [CP] Check Pods Manifest.lock */ = {
			isa = PBXShellScriptBuildPhase;
			buildActionMask = 2147483647;
			files = (
			);
			inputPaths = (
			);
			name = "[CP] Check Pods Manifest.lock";
			outputPaths = (
			);
			runOnlyForDeploymentPostprocessing = 0;
			shellPath = /bin/sh;
			shellScript = "diff \"${PODS_ROOT}/../Podfile.lock\" \"${PODS_ROOT}/Manifest.lock\" > /dev/null\nif [[ $? != 0 ]] ; then\n    cat << EOM\nerror: The sandbox is not in sync with the Podfile.lock. Run 'pod install' or update your CocoaPods installation.\nEOM\n    exit 1\nfi\n";
			showEnvVarsInLog = 0;
		};
		8AFFC3D55F0231DF03499061 /* [CP] Copy Pods Resources */ = {
			isa = PBXShellScriptBuildPhase;
			buildActionMask = 2147483647;
			files = (
			);
			inputPaths = (
			);
			name = "[CP] Copy Pods Resources";
			outputPaths = (
			);
			runOnlyForDeploymentPostprocessing = 0;
			shellPath = /bin/sh;
			shellScript = "\"${SRCROOT}/Pods/Target Support Files/Pods-share_alarmTests/Pods-share_alarmTests-resources.sh\"\n";
			showEnvVarsInLog = 0;
		};
		9E83A4D6962C1CCA4D60CB56 /* [CP] Check Pods Manifest.lock */ = {
			isa = PBXShellScriptBuildPhase;
			buildActionMask = 2147483647;
			files = (
			);
			inputPaths = (
			);
			name = "[CP] Check Pods Manifest.lock";
			outputPaths = (
			);
			runOnlyForDeploymentPostprocessing = 0;
			shellPath = /bin/sh;
			shellScript = "diff \"${PODS_ROOT}/../Podfile.lock\" \"${PODS_ROOT}/Manifest.lock\" > /dev/null\nif [[ $? != 0 ]] ; then\n    cat << EOM\nerror: The sandbox is not in sync with the Podfile.lock. Run 'pod install' or update your CocoaPods installation.\nEOM\n    exit 1\nfi\n";
			showEnvVarsInLog = 0;
		};
		FD36CFEE3840BD060B307F19 /* [CP] Check Pods Manifest.lock */ = {
			isa = PBXShellScriptBuildPhase;
			buildActionMask = 2147483647;
			files = (
			);
			inputPaths = (
			);
			name = "[CP] Check Pods Manifest.lock";
			outputPaths = (
			);
			runOnlyForDeploymentPostprocessing = 0;
			shellPath = /bin/sh;
			shellScript = "diff \"${PODS_ROOT}/../Podfile.lock\" \"${PODS_ROOT}/Manifest.lock\" > /dev/null\nif [[ $? != 0 ]] ; then\n    cat << EOM\nerror: The sandbox is not in sync with the Podfile.lock. Run 'pod install' or update your CocoaPods installation.\nEOM\n    exit 1\nfi\n";
			showEnvVarsInLog = 0;
		};
/* End PBXShellScriptBuildPhase section */

/* Begin PBXSourcesBuildPhase section */
		8FBA88181DFD26BE00A2FC61 /* Sources */ = {
			isa = PBXSourcesBuildPhase;
			buildActionMask = 2147483647;
			files = (
				8FBA88221DFD26BE00A2FC61 /* TopViewController.swift in Sources */,
				A31470611E06746700AEE46B /* TrackListCell.swift in Sources */,
				A314705B1E06736D00AEE46B /* MusicSelectorViewController.swift in Sources */,
				A3EA1B451E5F3A5500A9FD32 /* LoginViewController.swift in Sources */,
				A334CC501E16B2DD006A7645 /* Alarm.swift in Sources */,
				A37B70551E73242C00337BDE /* AlarmConfirmViewController.swift in Sources */,
				A3352AA71E86C1C80012E823 /* AlarmListCell.swift in Sources */,
				A35A91B61E42360C00CACD77 /* AlarmService.swift in Sources */,
				A33DFEEA1E3BB1C800BC17EF /* InviteConfirmViewController.swift in Sources */,
				A37B705B1E75516000337BDE /* JoinedUserCell.swift in Sources */,
				A314705F1E06742500AEE46B /* UIViewController.swift in Sources */,
				A37B70511E7323E600337BDE /* AlarmDateViewController.swift in Sources */,
				A3E0E4BB1E167AB6000DC94F /* AlarmFireBaseGateway.swift in Sources */,
				A31470571E0672F200AEE46B /* itunesAPI.swift in Sources */,
				A314705D1E0673BA00AEE46B /* TrackList.swift in Sources */,
				A385F42B1E6F07520036AC74 /* AlarmDetailViewController.swift in Sources */,
				A37B705D1E7552AB00337BDE /* JoinedUserList.swift in Sources */,
				8FBA884E1DFD2C3500A2FC61 /* AlarmCreateViewController.swift in Sources */,
				A37B70531E7323FB00337BDE /* AlarmVibMusicVIewController.swift in Sources */,
				A33DFEDE1E3BA9E300BC17EF /* InviteInputViewController.swift in Sources */,
				A37B70571E73274100337BDE /* AlarmCreateShare.swift in Sources */,
				A33DFEE81E3BB19000BC17EF /* InviteCodeInputViewController.swift in Sources */,
				A3AD02181E529CC500BD4A32 /* SubscribeAlarmViewController.swift in Sources */,
				8FBA88201DFD26BE00A2FC61 /* AppDelegate.swift in Sources */,
				A37B704F1E7323C000337BDE /* AlarmTitleViewController.swift in Sources */,
				8F0899461E3B68BF00D75CE0 /* AlertListViewController.swift in Sources */,
				A31470591E06731900AEE46B /* Track.swift in Sources */,
				A31470631E0674AB00AEE46B /* imageFetcher.swift in Sources */,
				A35A91B31E42307300CACD77 /* User.swift in Sources */,
			);
			runOnlyForDeploymentPostprocessing = 0;
		};
		8FBA882C1DFD26BE00A2FC61 /* Sources */ = {
			isa = PBXSourcesBuildPhase;
			buildActionMask = 2147483647;
			files = (
				8FBA88351DFD26BE00A2FC61 /* share_alarmTests.swift in Sources */,
			);
			runOnlyForDeploymentPostprocessing = 0;
		};
		8FBA88371DFD26BF00A2FC61 /* Sources */ = {
			isa = PBXSourcesBuildPhase;
			buildActionMask = 2147483647;
			files = (
				8FBA88401DFD26BF00A2FC61 /* share_alarmUITests.swift in Sources */,
			);
			runOnlyForDeploymentPostprocessing = 0;
		};
/* End PBXSourcesBuildPhase section */

/* Begin PBXTargetDependency section */
		8FBA88321DFD26BE00A2FC61 /* PBXTargetDependency */ = {
			isa = PBXTargetDependency;
			target = 8FBA881B1DFD26BE00A2FC61 /* share_alarm */;
			targetProxy = 8FBA88311DFD26BE00A2FC61 /* PBXContainerItemProxy */;
		};
		8FBA883D1DFD26BF00A2FC61 /* PBXTargetDependency */ = {
			isa = PBXTargetDependency;
			target = 8FBA881B1DFD26BE00A2FC61 /* share_alarm */;
			targetProxy = 8FBA883C1DFD26BF00A2FC61 /* PBXContainerItemProxy */;
		};
/* End PBXTargetDependency section */

/* Begin PBXVariantGroup section */
		8FBA88231DFD26BE00A2FC61 /* Main.storyboard */ = {
			isa = PBXVariantGroup;
			children = (
				8FBA88241DFD26BE00A2FC61 /* Base */,
			);
			name = Main.storyboard;
			sourceTree = "<group>";
		};
		8FBA88281DFD26BE00A2FC61 /* LaunchScreen.storyboard */ = {
			isa = PBXVariantGroup;
			children = (
				8FBA88291DFD26BE00A2FC61 /* Base */,
			);
			name = LaunchScreen.storyboard;
			sourceTree = "<group>";
		};
/* End PBXVariantGroup section */

/* Begin XCBuildConfiguration section */
		8FBA88421DFD26BF00A2FC61 /* Debug */ = {
			isa = XCBuildConfiguration;
			buildSettings = {
				ALWAYS_SEARCH_USER_PATHS = NO;
				CLANG_ANALYZER_NONNULL = YES;
				CLANG_CXX_LANGUAGE_STANDARD = "gnu++0x";
				CLANG_CXX_LIBRARY = "libc++";
				CLANG_ENABLE_MODULES = YES;
				CLANG_ENABLE_OBJC_ARC = YES;
				CLANG_WARN_BOOL_CONVERSION = YES;
				CLANG_WARN_CONSTANT_CONVERSION = YES;
				CLANG_WARN_DIRECT_OBJC_ISA_USAGE = YES_ERROR;
				CLANG_WARN_DOCUMENTATION_COMMENTS = YES;
				CLANG_WARN_EMPTY_BODY = YES;
				CLANG_WARN_ENUM_CONVERSION = YES;
				CLANG_WARN_INFINITE_RECURSION = YES;
				CLANG_WARN_INT_CONVERSION = YES;
				CLANG_WARN_OBJC_ROOT_CLASS = YES_ERROR;
				CLANG_WARN_SUSPICIOUS_MOVE = YES;
				CLANG_WARN_SUSPICIOUS_MOVES = YES;
				CLANG_WARN_UNREACHABLE_CODE = YES;
				CLANG_WARN__DUPLICATE_METHOD_MATCH = YES;
				"CODE_SIGN_IDENTITY[sdk=iphoneos*]" = "iPhone Developer";
				COPY_PHASE_STRIP = NO;
				DEBUG_INFORMATION_FORMAT = dwarf;
				ENABLE_STRICT_OBJC_MSGSEND = YES;
				ENABLE_TESTABILITY = YES;
				GCC_C_LANGUAGE_STANDARD = gnu99;
				GCC_DYNAMIC_NO_PIC = NO;
				GCC_NO_COMMON_BLOCKS = YES;
				GCC_OPTIMIZATION_LEVEL = 0;
				GCC_PREPROCESSOR_DEFINITIONS = (
					"DEBUG=1",
					"$(inherited)",
				);
				GCC_WARN_64_TO_32_BIT_CONVERSION = YES;
				GCC_WARN_ABOUT_RETURN_TYPE = YES_ERROR;
				GCC_WARN_UNDECLARED_SELECTOR = YES;
				GCC_WARN_UNINITIALIZED_AUTOS = YES_AGGRESSIVE;
				GCC_WARN_UNUSED_FUNCTION = YES;
				GCC_WARN_UNUSED_VARIABLE = YES;
				IPHONEOS_DEPLOYMENT_TARGET = 10.1;
				MTL_ENABLE_DEBUG_INFO = YES;
				ONLY_ACTIVE_ARCH = YES;
				SDKROOT = iphoneos;
				SWIFT_ACTIVE_COMPILATION_CONDITIONS = DEBUG;
				SWIFT_OPTIMIZATION_LEVEL = "-Onone";
				TARGETED_DEVICE_FAMILY = "1,2";
			};
			name = Debug;
		};
		8FBA88431DFD26BF00A2FC61 /* Release */ = {
			isa = XCBuildConfiguration;
			buildSettings = {
				ALWAYS_SEARCH_USER_PATHS = NO;
				CLANG_ANALYZER_NONNULL = YES;
				CLANG_CXX_LANGUAGE_STANDARD = "gnu++0x";
				CLANG_CXX_LIBRARY = "libc++";
				CLANG_ENABLE_MODULES = YES;
				CLANG_ENABLE_OBJC_ARC = YES;
				CLANG_WARN_BOOL_CONVERSION = YES;
				CLANG_WARN_CONSTANT_CONVERSION = YES;
				CLANG_WARN_DIRECT_OBJC_ISA_USAGE = YES_ERROR;
				CLANG_WARN_DOCUMENTATION_COMMENTS = YES;
				CLANG_WARN_EMPTY_BODY = YES;
				CLANG_WARN_ENUM_CONVERSION = YES;
				CLANG_WARN_INFINITE_RECURSION = YES;
				CLANG_WARN_INT_CONVERSION = YES;
				CLANG_WARN_OBJC_ROOT_CLASS = YES_ERROR;
				CLANG_WARN_SUSPICIOUS_MOVE = YES;
				CLANG_WARN_SUSPICIOUS_MOVES = YES;
				CLANG_WARN_UNREACHABLE_CODE = YES;
				CLANG_WARN__DUPLICATE_METHOD_MATCH = YES;
				"CODE_SIGN_IDENTITY[sdk=iphoneos*]" = "iPhone Developer";
				COPY_PHASE_STRIP = NO;
				DEBUG_INFORMATION_FORMAT = "dwarf-with-dsym";
				ENABLE_NS_ASSERTIONS = NO;
				ENABLE_STRICT_OBJC_MSGSEND = YES;
				GCC_C_LANGUAGE_STANDARD = gnu99;
				GCC_NO_COMMON_BLOCKS = YES;
				GCC_WARN_64_TO_32_BIT_CONVERSION = YES;
				GCC_WARN_ABOUT_RETURN_TYPE = YES_ERROR;
				GCC_WARN_UNDECLARED_SELECTOR = YES;
				GCC_WARN_UNINITIALIZED_AUTOS = YES_AGGRESSIVE;
				GCC_WARN_UNUSED_FUNCTION = YES;
				GCC_WARN_UNUSED_VARIABLE = YES;
				IPHONEOS_DEPLOYMENT_TARGET = 10.1;
				MTL_ENABLE_DEBUG_INFO = NO;
				SDKROOT = iphoneos;
				SWIFT_OPTIMIZATION_LEVEL = "-Owholemodule";
				TARGETED_DEVICE_FAMILY = "1,2";
				VALIDATE_PRODUCT = YES;
			};
			name = Release;
		};
		8FBA88451DFD26BF00A2FC61 /* Debug */ = {
			isa = XCBuildConfiguration;
			baseConfigurationReference = C3C5B8563EAF7AF9477CB28A /* Pods-share_alarm.debug.xcconfig */;
			buildSettings = {
				ALWAYS_EMBED_SWIFT_STANDARD_LIBRARIES = YES;
				ASSETCATALOG_COMPILER_APPICON_NAME = AppIcon;
				DEVELOPMENT_TEAM = RMRZLS2W69;
				INFOPLIST_FILE = share_alarm/Info.plist;
				LD_RUNPATH_SEARCH_PATHS = "$(inherited) @executable_path/Frameworks";
				PRODUCT_BUNDLE_IDENTIFIER = "com.mizuki123.share-alarm";
				PRODUCT_NAME = "$(TARGET_NAME)";
				SWIFT_VERSION = 3.0;
			};
			name = Debug;
		};
		8FBA88461DFD26BF00A2FC61 /* Release */ = {
			isa = XCBuildConfiguration;
			baseConfigurationReference = 45D41BD0AA52700C674E22BB /* Pods-share_alarm.release.xcconfig */;
			buildSettings = {
				ALWAYS_EMBED_SWIFT_STANDARD_LIBRARIES = YES;
				ASSETCATALOG_COMPILER_APPICON_NAME = AppIcon;
				DEVELOPMENT_TEAM = RMRZLS2W69;
				INFOPLIST_FILE = share_alarm/Info.plist;
				LD_RUNPATH_SEARCH_PATHS = "$(inherited) @executable_path/Frameworks";
				PRODUCT_BUNDLE_IDENTIFIER = "com.mizuki123.share-alarm";
				PRODUCT_NAME = "$(TARGET_NAME)";
				SWIFT_VERSION = 3.0;
			};
			name = Release;
		};
		8FBA88481DFD26BF00A2FC61 /* Debug */ = {
			isa = XCBuildConfiguration;
			baseConfigurationReference = A8A686EB3066C3234D186C76 /* Pods-share_alarmTests.debug.xcconfig */;
			buildSettings = {
				ALWAYS_EMBED_SWIFT_STANDARD_LIBRARIES = YES;
				BUNDLE_LOADER = "$(TEST_HOST)";
				INFOPLIST_FILE = share_alarmTests/Info.plist;
				LD_RUNPATH_SEARCH_PATHS = "$(inherited) @executable_path/Frameworks @loader_path/Frameworks";
				PRODUCT_BUNDLE_IDENTIFIER = "com.mizuki.share-alarmTests";
				PRODUCT_NAME = "$(TARGET_NAME)";
				SWIFT_VERSION = 3.0;
				TEST_HOST = "$(BUILT_PRODUCTS_DIR)/share_alarm.app/share_alarm";
			};
			name = Debug;
		};
		8FBA88491DFD26BF00A2FC61 /* Release */ = {
			isa = XCBuildConfiguration;
			baseConfigurationReference = 6110475384A2DCAC00E35A04 /* Pods-share_alarmTests.release.xcconfig */;
			buildSettings = {
				ALWAYS_EMBED_SWIFT_STANDARD_LIBRARIES = YES;
				BUNDLE_LOADER = "$(TEST_HOST)";
				INFOPLIST_FILE = share_alarmTests/Info.plist;
				LD_RUNPATH_SEARCH_PATHS = "$(inherited) @executable_path/Frameworks @loader_path/Frameworks";
				PRODUCT_BUNDLE_IDENTIFIER = "com.mizuki.share-alarmTests";
				PRODUCT_NAME = "$(TARGET_NAME)";
				SWIFT_VERSION = 3.0;
				TEST_HOST = "$(BUILT_PRODUCTS_DIR)/share_alarm.app/share_alarm";
			};
			name = Release;
		};
		8FBA884B1DFD26BF00A2FC61 /* Debug */ = {
			isa = XCBuildConfiguration;
			baseConfigurationReference = 513A098B880ADDAC24171B34 /* Pods-share_alarmUITests.debug.xcconfig */;
			buildSettings = {
				ALWAYS_EMBED_SWIFT_STANDARD_LIBRARIES = YES;
				INFOPLIST_FILE = share_alarmUITests/Info.plist;
				LD_RUNPATH_SEARCH_PATHS = "$(inherited) @executable_path/Frameworks @loader_path/Frameworks";
				PRODUCT_BUNDLE_IDENTIFIER = "com.mizuki.share-alarmUITests";
				PRODUCT_NAME = "$(TARGET_NAME)";
				SWIFT_VERSION = 3.0;
				TEST_TARGET_NAME = share_alarm;
			};
			name = Debug;
		};
		8FBA884C1DFD26BF00A2FC61 /* Release */ = {
			isa = XCBuildConfiguration;
			baseConfigurationReference = E25188ED1229392DAAFE5D60 /* Pods-share_alarmUITests.release.xcconfig */;
			buildSettings = {
				ALWAYS_EMBED_SWIFT_STANDARD_LIBRARIES = YES;
				INFOPLIST_FILE = share_alarmUITests/Info.plist;
				LD_RUNPATH_SEARCH_PATHS = "$(inherited) @executable_path/Frameworks @loader_path/Frameworks";
				PRODUCT_BUNDLE_IDENTIFIER = "com.mizuki.share-alarmUITests";
				PRODUCT_NAME = "$(TARGET_NAME)";
				SWIFT_VERSION = 3.0;
				TEST_TARGET_NAME = share_alarm;
			};
			name = Release;
		};
/* End XCBuildConfiguration section */

/* Begin XCConfigurationList section */
		8FBA88171DFD26BE00A2FC61 /* Build configuration list for PBXProject "share_alarm" */ = {
			isa = XCConfigurationList;
			buildConfigurations = (
				8FBA88421DFD26BF00A2FC61 /* Debug */,
				8FBA88431DFD26BF00A2FC61 /* Release */,
			);
			defaultConfigurationIsVisible = 0;
			defaultConfigurationName = Release;
		};
		8FBA88441DFD26BF00A2FC61 /* Build configuration list for PBXNativeTarget "share_alarm" */ = {
			isa = XCConfigurationList;
			buildConfigurations = (
				8FBA88451DFD26BF00A2FC61 /* Debug */,
				8FBA88461DFD26BF00A2FC61 /* Release */,
			);
			defaultConfigurationIsVisible = 0;
			defaultConfigurationName = Release;
		};
		8FBA88471DFD26BF00A2FC61 /* Build configuration list for PBXNativeTarget "share_alarmTests" */ = {
			isa = XCConfigurationList;
			buildConfigurations = (
				8FBA88481DFD26BF00A2FC61 /* Debug */,
				8FBA88491DFD26BF00A2FC61 /* Release */,
			);
			defaultConfigurationIsVisible = 0;
			defaultConfigurationName = Release;
		};
		8FBA884A1DFD26BF00A2FC61 /* Build configuration list for PBXNativeTarget "share_alarmUITests" */ = {
			isa = XCConfigurationList;
			buildConfigurations = (
				8FBA884B1DFD26BF00A2FC61 /* Debug */,
				8FBA884C1DFD26BF00A2FC61 /* Release */,
			);
			defaultConfigurationIsVisible = 0;
			defaultConfigurationName = Release;
		};
/* End XCConfigurationList section */
	};
	rootObject = 8FBA88141DFD26BE00A2FC61 /* Project object */;
}
